<?xml version="1.0" encoding="utf-8"?>
<Project ToolsVersion="4.0" xmlns="http://schemas.microsoft.com/developer/msbuild/2003">
  <ItemGroup>
    <Filter Include="Source Files">
      <UniqueIdentifier>{4FC737F1-C7A5-4376-A066-2A32D752A2FF}</UniqueIdentifier>
      <Extensions>cpp;c;cc;cxx;def;odl;idl;hpj;bat;asm;asmx</Extensions>
    </Filter>
    <Filter Include="Header Files">
      <UniqueIdentifier>{93995380-89BD-4b04-88EB-625FBE52EBFB}</UniqueIdentifier>
      <Extensions>h;hh;hpp;hxx;hm;inl;inc;xsd</Extensions>
    </Filter>
    <Filter Include="Resource Files">
      <UniqueIdentifier>{67DA6AB6-F800-4c08-8B7A-83BB121AAD01}</UniqueIdentifier>
      <Extensions>rc;ico;cur;bmp;dlg;rc2;rct;bin;rgs;gif;jpg;jpeg;jpe;resx;tiff;tif;png;wav;mfcribbon-ms</Extensions>
    </Filter>
    <Filter Include="Source Files\Tests">
      <UniqueIdentifier>{8695a410-ab20-45cb-9406-4ecb60435689}</UniqueIdentifier>
    </Filter>
    <Filter Include="Header Files\Tests">
      <UniqueIdentifier>{57d1d9f2-eb83-4291-ba26-69f616945f23}</UniqueIdentifier>
    </Filter>
  </ItemGroup>
  <ItemGroup>
    <ClCompile Include="Tracking_Hypothesis.cpp">
      <Filter>Source Files</Filter>
    </ClCompile>
    <ClCompile Include="TreeNode.cpp">
      <Filter>Source Files</Filter>
    </ClCompile>
    <ClCompile Include="TrackerJpda.cpp">
      <Filter>Source Files</Filter>
    </ClCompile>
    <ClCompile Include="SrvTimeStampPC.cpp">
      <Filter>Source Files</Filter>
    </ClCompile>
    <ClCompile Include="Matrix.cpp">
      <Filter>Source Files</Filter>
    </ClCompile>
    <ClCompile Include="Kalman.cpp">
      <Filter>Source Files</Filter>
    </ClCompile>
    <ClCompile Include="DataPlot.cpp">
      <Filter>Source Files</Filter>
    </ClCompile>
    <ClCompile Include="NavPlatStatusStruct.cpp">
      <Filter>Source Files</Filter>
    </ClCompile>
    <ClCompile Include="DataPlotFileReader.cpp">
      <Filter>Source Files</Filter>
    </ClCompile>
    <ClCompile Include="DataPlotList.cpp">
      <Filter>Source Files</Filter>
    </ClCompile>
    <ClCompile Include="main.cpp">
      <Filter>Source Files</Filter>
    </ClCompile>
    <ClCompile Include="ExtendedKalman.cpp">
      <Filter>Source Files</Filter>
    </ClCompile>
    <ClCompile Include="SrvDspMath.cpp">
      <Filter>Source Files</Filter>
    </ClCompile>
    <ClCompile Include="StaticQueue.cpp">
      <Filter>Source Files</Filter>
    </ClCompile>
    <ClCompile Include="MemoryPool.cpp">
      <Filter>Source Files</Filter>
    </ClCompile>
    <ClCompile Include="GeodeticConverter.cpp">
      <Filter>Source Files</Filter>
    </ClCompile>
    <ClCompile Include="DrvUhrd.cpp">
      <Filter>Source Files</Filter>
    </ClCompile>
    <ClCompile Include="QueueManger.cpp">
      <Filter>Source Files</Filter>
    </ClCompile>
    <ClCompile Include="AssociationMatrix.cpp">
      <Filter>Source Files</Filter>
    </ClCompile>
    <ClCompile Include="TrakerParams.cpp">
      <Filter>Source Files</Filter>
    </ClCompile>
    <ClCompile Include="Tracker.cpp">
      <Filter>Source Files</Filter>
    </ClCompile>
    <ClCompile Include="DataTrack.cpp">
      <Filter>Source Files</Filter>
    </ClCompile>
    <ClCompile Include="Graph.cpp">
      <Filter>Source Files</Filter>
    </ClCompile>
    <ClCompile Include="DataTrackList.cpp">
      <Filter>Source Files</Filter>
    </ClCompile>
    <ClCompile Include="TestMethod.cpp">
      <Filter>Source Files\Tests</Filter>
    </ClCompile>
    <ClCompile Include="TestsManager.cpp">
      <Filter>Source Files\Tests</Filter>
    </ClCompile>
    <ClCompile Include="DataFileGenerator.cpp">
      <Filter>Source Files\Tests</Filter>
    </ClCompile>
    <ClCompile Include="EquationOfMotion.cpp">
      <Filter>Source Files\Tests</Filter>
    </ClCompile>
    <ClCompile Include="TwoDimensionalLine.cpp">
      <Filter>Source Files\Tests</Filter>
    </ClCompile>
    <ClCompile Include="TwoDimensionalSquigglyLine.cpp">
      <Filter>Source Files\Tests</Filter>
    </ClCompile>
    <ClCompile Include="pch.cpp">
      <Filter>Source Files</Filter>
    </ClCompile>
    <ClCompile Include="KalmanTests.cpp">
      <Filter>Source Files\Tests</Filter>
    </ClCompile>
  </ItemGroup>
  <ItemGroup>
    <ClInclude Include="TreeNode.h">
      <Filter>Header Files</Filter>
    </ClInclude>
    <ClInclude Include="TrackerJpda.h">
      <Filter>Header Files</Filter>
    </ClInclude>
    <ClInclude Include="SrvTimeStamp.h">
      <Filter>Header Files</Filter>
    </ClInclude>
    <ClInclude Include="Matrix.h">
      <Filter>Header Files</Filter>
    </ClInclude>
    <ClInclude Include="Vector.h">
      <Filter>Header Files</Filter>
    </ClInclude>
    <ClInclude Include="stdafx.h">
      <Filter>Header Files</Filter>
    </ClInclude>
    <ClInclude Include="targetver.h">
      <Filter>Header Files</Filter>
    </ClInclude>
    <ClInclude Include="Kalman.h">
      <Filter>Header Files</Filter>
    </ClInclude>
    <ClInclude Include="ExtendedKalman.h">
      <Filter>Header Files</Filter>
    </ClInclude>
    <ClInclude Include="DataPlot.h">
      <Filter>Header Files</Filter>
    </ClInclude>
    <ClInclude Include="NavPlatStatusStruct.h">
      <Filter>Header Files</Filter>
    </ClInclude>
    <ClInclude Include="DataPlotFileReader.h">
      <Filter>Header Files</Filter>
    </ClInclude>
    <ClInclude Include="DataPlotList.h">
      <Filter>Header Files</Filter>
    </ClInclude>
    <ClInclude Include="SrvDspMath.h">
      <Filter>Header Files</Filter>
    </ClInclude>
    <ClInclude Include="StaticQueue.h">
      <Filter>Header Files</Filter>
    </ClInclude>
    <ClInclude Include="MemoryPool.h">
      <Filter>Header Files</Filter>
    </ClInclude>
    <ClInclude Include="GeodeticConverter.h">
      <Filter>Header Files</Filter>
    </ClInclude>
    <ClInclude Include="QueueManager.h">
      <Filter>Header Files</Filter>
    </ClInclude>
    <ClInclude Include="AssociationMatrix.h">
      <Filter>Header Files</Filter>
    </ClInclude>
    <ClInclude Include="TrackerParams.h">
      <Filter>Header Files</Filter>
    </ClInclude>
    <ClInclude Include="Tracker.h">
      <Filter>Header Files</Filter>
    </ClInclude>
    <ClInclude Include="DataTrack.h">
      <Filter>Header Files</Filter>
    </ClInclude>
    <ClInclude Include="Graph.h">
      <Filter>Header Files</Filter>
    </ClInclude>
    <ClInclude Include="DrvUhrt.h">
      <Filter>Header Files</Filter>
    </ClInclude>
    <ClInclude Include="DataTrackList.h">
      <Filter>Header Files</Filter>
    </ClInclude>
    <ClInclude Include="..\MHT main (our code)\pch.h">
      <Filter>Header Files</Filter>
    </ClInclude>
    <ClInclude Include="KalmanTests.h">
      <Filter>Header Files\Tests</Filter>
    </ClInclude>
    <ClInclude Include="TestMethod.h">
      <Filter>Header Files\Tests</Filter>
    </ClInclude>
    <ClInclude Include="..\tests oded\DataFileGenerator.h">
      <Filter>Header Files</Filter>
    </ClInclude>
    <ClInclude Include="TestsManager.h">
      <Filter>Header Files\Tests</Filter>
    </ClInclude>
    <ClInclude Include="DataFileGenerator.h">
      <Filter>Header Files\Tests</Filter>
    </ClInclude>
    <ClInclude Include="EquationOfMotion.h">
      <Filter>Header Files\Tests</Filter>
    </ClInclude>
    <ClInclude Include="TwoDimensionalLine.h">
      <Filter>Header Files\Tests</Filter>
    </ClInclude>
    <ClInclude Include="TwoDimensionalSquigglyLine.h">
      <Filter>Header Files\Tests</Filter>
    </ClInclude>
    <ClInclude Include="pch.h">
      <Filter>Header Files</Filter>
    </ClInclude>
  </ItemGroup>
</Project>